
Microsoft Visual Studio Solution File, Format Version 12.00
# Visual Studio Version 17
VisualStudioVersion = 17.8.34309.116
MinimumVisualStudioVersion = 10.0.40219.1
Project("{FAE04EC0-301F-11D3-BF4B-00C04F79EFBC}") = "PrimeiroProjeto1", "PrimeiroProjeto1\PrimeiroProjeto1.csproj", "{01603E3B-8B5B-4A8D-BC47-BF0CE2BFAFA1}"
EndProject
Global
	GlobalSection(SolutionConfigurationPlatforms) = preSolution
		Debug|Any CPU = Debug|Any CPU
		Release|Any CPU = Release|Any CPU
	EndGlobalSection
	GlobalSection(ProjectConfigurationPlatforms) = postSolution
		{01603E3B-8B5B-4A8D-BC47-BF0CE2BFAFA1}.Debug|Any CPU.ActiveCfg = Debug|Any CPU
		{01603E3B-8B5B-4A8D-BC47-BF0CE2BFAFA1}.Debug|Any CPU.Build.0 = Debug|Any CPU
		{01603E3B-8B5B-4A8D-BC47-BF0CE2BFAFA1}.Release|Any CPU.ActiveCfg = Release|Any CPU
		{01603E3B-8B5B-4A8D-BC47-BF0CE2BFAFA1}.Release|Any CPU.Build.0 = Release|Any CPU
	EndGlobalSection
	GlobalSection(SolutionProperties) = preSolution
		HideSolutionNode = FALSE
	EndGlobalSection
	GlobalSection(ExtensibilityGlobals) = postSolution
		SolutionGuid = {55E63FAD-3926-41B4-9B6C-AD7DE5C73B7C}
	EndGlobalSection
EndGlobal
