
Microsoft Visual Studio Solution File, Format Version 12.00
# Visual Studio Version 17
VisualStudioVersion = 17.8.34309.116
MinimumVisualStudioVersion = 10.0.40219.1
Project("{FAE04EC0-301F-11D3-BF4B-00C04F79EFBC}") = "EstudosCSharp", "EstudosCSharp\EstudosCSharp.csproj", "{F292C573-1C2A-491F-AD77-AE6CA8A793EF}"
EndProject
Global
	GlobalSection(SolutionConfigurationPlatforms) = preSolution
		Debug|Any CPU = Debug|Any CPU
		Release|Any CPU = Release|Any CPU
	EndGlobalSection
	GlobalSection(ProjectConfigurationPlatforms) = postSolution
		{F292C573-1C2A-491F-AD77-AE6CA8A793EF}.Debug|Any CPU.ActiveCfg = Debug|Any CPU
		{F292C573-1C2A-491F-AD77-AE6CA8A793EF}.Debug|Any CPU.Build.0 = Debug|Any CPU
		{F292C573-1C2A-491F-AD77-AE6CA8A793EF}.Release|Any CPU.ActiveCfg = Release|Any CPU
		{F292C573-1C2A-491F-AD77-AE6CA8A793EF}.Release|Any CPU.Build.0 = Release|Any CPU
	EndGlobalSection
	GlobalSection(SolutionProperties) = preSolution
		HideSolutionNode = FALSE
	EndGlobalSection
	GlobalSection(ExtensibilityGlobals) = postSolution
		SolutionGuid = {B1E71D5B-9FB5-497A-AA2C-792CDDB3C706}
	EndGlobalSection
EndGlobal
